
Microsoft Visual Studio Solution File, Format Version 12.00
Project("{FAE04EC0-301F-11D3-BF4B-00C04F79EFBC}") = "ChanceGame", "ChanceGame\ChanceGame.csproj", "{7A1B14EA-C556-49DA-8F0A-234751D92595}"
EndProject
Project("{FAE04EC0-301F-11D3-BF4B-00C04F79EFBC}") = "TestChanceGame", "TestChanceGame\TestChanceGame.csproj", "{E8E0BC0A-07F7-4C5B-96FF-DF942914CB80}"
EndProject
Global
	GlobalSection(SolutionConfigurationPlatforms) = preSolution
		Debug|Any CPU = Debug|Any CPU
		Release|Any CPU = Release|Any CPU
	EndGlobalSection
	GlobalSection(ProjectConfigurationPlatforms) = postSolution
		{7A1B14EA-C556-49DA-8F0A-234751D92595}.Debug|Any CPU.ActiveCfg = Debug|Any CPU
		{7A1B14EA-C556-49DA-8F0A-234751D92595}.Debug|Any CPU.Build.0 = Debug|Any CPU
		{7A1B14EA-C556-49DA-8F0A-234751D92595}.Release|Any CPU.ActiveCfg = Release|Any CPU
		{7A1B14EA-C556-49DA-8F0A-234751D92595}.Release|Any CPU.Build.0 = Release|Any CPU
		{E8E0BC0A-07F7-4C5B-96FF-DF942914CB80}.Debug|Any CPU.ActiveCfg = Debug|Any CPU
		{E8E0BC0A-07F7-4C5B-96FF-DF942914CB80}.Debug|Any CPU.Build.0 = Debug|Any CPU
		{E8E0BC0A-07F7-4C5B-96FF-DF942914CB80}.Release|Any CPU.ActiveCfg = Release|Any CPU
		{E8E0BC0A-07F7-4C5B-96FF-DF942914CB80}.Release|Any CPU.Build.0 = Release|Any CPU
	EndGlobalSection
EndGlobal
